
Microsoft Visual Studio Solution File, Format Version 12.00
# Visual Studio for Mac
Project("{FAE04EC0-301F-11D3-BF4B-00C04F79EFBC}") = "flyVR", "Assembly-CSharp.csproj", "{75F77A8B-DDFA-B013-6D9A-1DAD058F50A1}"
EndProject
Project("{FAE04EC0-301F-11D3-BF4B-00C04F79EFBC}") = "flyVR", "Assembly-CSharp-Editor.csproj", "{C2954CEB-C3A7-11D5-2558-4F4E5DCF91EB}"
EndProject
Global
	GlobalSection(SolutionConfigurationPlatforms) = preSolution
		Debug|Any CPU = Debug|Any CPU
		Release|Any CPU = Release|Any CPU
	EndGlobalSection
	GlobalSection(ProjectConfigurationPlatforms) = postSolution
		{75F77A8B-DDFA-B013-6D9A-1DAD058F50A1}.Debug|Any CPU.ActiveCfg = Debug|Any CPU
		{75F77A8B-DDFA-B013-6D9A-1DAD058F50A1}.Debug|Any CPU.Build.0 = Debug|Any CPU
		{75F77A8B-DDFA-B013-6D9A-1DAD058F50A1}.Release|Any CPU.ActiveCfg = Release|Any CPU
		{75F77A8B-DDFA-B013-6D9A-1DAD058F50A1}.Release|Any CPU.Build.0 = Release|Any CPU
		{C2954CEB-C3A7-11D5-2558-4F4E5DCF91EB}.Debug|Any CPU.ActiveCfg = Debug|Any CPU
		{C2954CEB-C3A7-11D5-2558-4F4E5DCF91EB}.Debug|Any CPU.Build.0 = Debug|Any CPU
		{C2954CEB-C3A7-11D5-2558-4F4E5DCF91EB}.Release|Any CPU.ActiveCfg = Release|Any CPU
		{C2954CEB-C3A7-11D5-2558-4F4E5DCF91EB}.Release|Any CPU.Build.0 = Release|Any CPU
	EndGlobalSection
	GlobalSection(SolutionProperties) = preSolution
		HideSolutionNode = FALSE
	EndGlobalSection
EndGlobal
